// !$*UTF8*$!
{
	archiveVersion = 1;
	classes = {
	};
	objectVersion = 50;
	objects = {

/* Begin PBXBuildFile section */
		2D694AE926BAF858000507F2 /* Combine_SearchFeatureApp.swift in Sources */ = {isa = PBXBuildFile; fileRef = 2D694AE826BAF858000507F2 /* Combine_SearchFeatureApp.swift */; };
		2D694AEB26BAF858000507F2 /* ContentView.swift in Sources */ = {isa = PBXBuildFile; fileRef = 2D694AEA26BAF858000507F2 /* ContentView.swift */; };
		2D694AED26BAF85B000507F2 /* Assets.xcassets in Resources */ = {isa = PBXBuildFile; fileRef = 2D694AEC26BAF85B000507F2 /* Assets.xcassets */; };
		2D694AF026BAF85B000507F2 /* Preview Assets.xcassets in Resources */ = {isa = PBXBuildFile; fileRef = 2D694AEF26BAF85B000507F2 /* Preview Assets.xcassets */; };
		2D694AFB26BAF85B000507F2 /* Combine_SearchFeatureTests.swift in Sources */ = {isa = PBXBuildFile; fileRef = 2D694AFA26BAF85B000507F2 /* Combine_SearchFeatureTests.swift */; };
		2D694B0626BAF85B000507F2 /* Combine_SearchFeatureUITests.swift in Sources */ = {isa = PBXBuildFile; fileRef = 2D694B0526BAF85B000507F2 /* Combine_SearchFeatureUITests.swift */; };
		2D694B1426BB02E5000507F2 /* CustomSearchBar.swift in Sources */ = {isa = PBXBuildFile; fileRef = 2D694B1326BB02E5000507F2 /* CustomSearchBar.swift */; };
		2D694B1726BB031B000507F2 /* Concept.swift in Sources */ = {isa = PBXBuildFile; fileRef = 2D694B1626BB031B000507F2 /* Concept.swift */; };
		2D694B1A26BB032F000507F2 /* ViewModel.swift in Sources */ = {isa = PBXBuildFile; fileRef = 2D694B1926BB032F000507F2 /* ViewModel.swift */; };
/* End PBXBuildFile section */

/* Begin PBXContainerItemProxy section */
		2D694AF726BAF85B000507F2 /* PBXContainerItemProxy */ = {
			isa = PBXContainerItemProxy;
			containerPortal = 2D694ADD26BAF857000507F2 /* Project object */;
			proxyType = 1;
			remoteGlobalIDString = 2D694AE426BAF858000507F2;
			remoteInfo = "Combine-SearchFeature";
		};
		2D694B0226BAF85B000507F2 /* PBXContainerItemProxy */ = {
			isa = PBXContainerItemProxy;
			containerPortal = 2D694ADD26BAF857000507F2 /* Project object */;
			proxyType = 1;
			remoteGlobalIDString = 2D694AE426BAF858000507F2;
			remoteInfo = "Combine-SearchFeature";
		};
/* End PBXContainerItemProxy section */

/* Begin PBXFileReference section */
		2D694AE526BAF858000507F2 /* Combine-SearchFeature.app */ = {isa = PBXFileReference; explicitFileType = wrapper.application; includeInIndex = 0; path = "Combine-SearchFeature.app"; sourceTree = BUILT_PRODUCTS_DIR; };
		2D694AE826BAF858000507F2 /* Combine_SearchFeatureApp.swift */ = {isa = PBXFileReference; lastKnownFileType = sourcecode.swift; path = Combine_SearchFeatureApp.swift; sourceTree = "<group>"; };
		2D694AEA26BAF858000507F2 /* ContentView.swift */ = {isa = PBXFileReference; lastKnownFileType = sourcecode.swift; path = ContentView.swift; sourceTree = "<group>"; };
		2D694AEC26BAF85B000507F2 /* Assets.xcassets */ = {isa = PBXFileReference; lastKnownFileType = folder.assetcatalog; path = Assets.xcassets; sourceTree = "<group>"; };
		2D694AEF26BAF85B000507F2 /* Preview Assets.xcassets */ = {isa = PBXFileReference; lastKnownFileType = folder.assetcatalog; path = "Preview Assets.xcassets"; sourceTree = "<group>"; };
		2D694AF126BAF85B000507F2 /* Info.plist */ = {isa = PBXFileReference; lastKnownFileType = text.plist.xml; path = Info.plist; sourceTree = "<group>"; };
		2D694AF626BAF85B000507F2 /* Combine-SearchFeatureTests.xctest */ = {isa = PBXFileReference; explicitFileType = wrapper.cfbundle; includeInIndex = 0; path = "Combine-SearchFeatureTests.xctest"; sourceTree = BUILT_PRODUCTS_DIR; };
		2D694AFA26BAF85B000507F2 /* Combine_SearchFeatureTests.swift */ = {isa = PBXFileReference; lastKnownFileType = sourcecode.swift; path = Combine_SearchFeatureTests.swift; sourceTree = "<group>"; };
		2D694AFC26BAF85B000507F2 /* Info.plist */ = {isa = PBXFileReference; lastKnownFileType = text.plist.xml; path = Info.plist; sourceTree = "<group>"; };
		2D694B0126BAF85B000507F2 /* Combine-SearchFeatureUITests.xctest */ = {isa = PBXFileReference; explicitFileType = wrapper.cfbundle; includeInIndex = 0; path = "Combine-SearchFeatureUITests.xctest"; sourceTree = BUILT_PRODUCTS_DIR; };
		2D694B0526BAF85B000507F2 /* Combine_SearchFeatureUITests.swift */ = {isa = PBXFileReference; lastKnownFileType = sourcecode.swift; path = Combine_SearchFeatureUITests.swift; sourceTree = "<group>"; };
		2D694B0726BAF85B000507F2 /* Info.plist */ = {isa = PBXFileReference; lastKnownFileType = text.plist.xml; path = Info.plist; sourceTree = "<group>"; };
		2D694B1326BB02E5000507F2 /* CustomSearchBar.swift */ = {isa = PBXFileReference; lastKnownFileType = sourcecode.swift; path = CustomSearchBar.swift; sourceTree = "<group>"; };
		2D694B1626BB031B000507F2 /* Concept.swift */ = {isa = PBXFileReference; lastKnownFileType = sourcecode.swift; path = Concept.swift; sourceTree = "<group>"; };
		2D694B1926BB032F000507F2 /* ViewModel.swift */ = {isa = PBXFileReference; lastKnownFileType = sourcecode.swift; path = ViewModel.swift; sourceTree = "<group>"; };
/* End PBXFileReference section */

/* Begin PBXFrameworksBuildPhase section */
		2D694AE226BAF858000507F2 /* Frameworks */ = {
			isa = PBXFrameworksBuildPhase;
			buildActionMask = 2147483647;
			files = (
			);
			runOnlyForDeploymentPostprocessing = 0;
		};
		2D694AF326BAF85B000507F2 /* Frameworks */ = {
			isa = PBXFrameworksBuildPhase;
			buildActionMask = 2147483647;
			files = (
			);
			runOnlyForDeploymentPostprocessing = 0;
		};
		2D694AFE26BAF85B000507F2 /* Frameworks */ = {
			isa = PBXFrameworksBuildPhase;
			buildActionMask = 2147483647;
			files = (
			);
			runOnlyForDeploymentPostprocessing = 0;
		};
/* End PBXFrameworksBuildPhase section */

/* Begin PBXGroup section */
		2D694ADC26BAF857000507F2 = {
			isa = PBXGroup;
			children = (
				2D694AE726BAF858000507F2 /* Combine-SearchFeature */,
				2D694AF926BAF85B000507F2 /* Combine-SearchFeatureTests */,
				2D694B0426BAF85B000507F2 /* Combine-SearchFeatureUITests */,
				2D694AE626BAF858000507F2 /* Products */,
			);
			sourceTree = "<group>";
		};
		2D694AE626BAF858000507F2 /* Products */ = {
			isa = PBXGroup;
			children = (
				2D694AE526BAF858000507F2 /* Combine-SearchFeature.app */,
				2D694AF626BAF85B000507F2 /* Combine-SearchFeatureTests.xctest */,
				2D694B0126BAF85B000507F2 /* Combine-SearchFeatureUITests.xctest */,
			);
			name = Products;
			sourceTree = "<group>";
		};
		2D694AE726BAF858000507F2 /* Combine-SearchFeature */ = {
			isa = PBXGroup;
			children = (
				2D694AE826BAF858000507F2 /* Combine_SearchFeatureApp.swift */,
				2D694B1526BB0310000507F2 /* Model */,
				2D694B1B26BB0347000507F2 /* View */,
				2D694B1826BB0325000507F2 /* ViewModel */,
				2D694AEC26BAF85B000507F2 /* Assets.xcassets */,
				2D694AF126BAF85B000507F2 /* Info.plist */,
				2D694AEE26BAF85B000507F2 /* Preview Content */,
			);
			path = "Combine-SearchFeature";
			sourceTree = "<group>";
		};
		2D694AEE26BAF85B000507F2 /* Preview Content */ = {
			isa = PBXGroup;
			children = (
				2D694AEF26BAF85B000507F2 /* Preview Assets.xcassets */,
			);
			path = "Preview Content";
			sourceTree = "<group>";
		};
		2D694AF926BAF85B000507F2 /* Combine-SearchFeatureTests */ = {
			isa = PBXGroup;
			children = (
				2D694AFA26BAF85B000507F2 /* Combine_SearchFeatureTests.swift */,
				2D694AFC26BAF85B000507F2 /* Info.plist */,
			);
			path = "Combine-SearchFeatureTests";
			sourceTree = "<group>";
		};
		2D694B0426BAF85B000507F2 /* Combine-SearchFeatureUITests */ = {
			isa = PBXGroup;
			children = (
				2D694B0526BAF85B000507F2 /* Combine_SearchFeatureUITests.swift */,
				2D694B0726BAF85B000507F2 /* Info.plist */,
			);
			path = "Combine-SearchFeatureUITests";
			sourceTree = "<group>";
		};
		2D694B1526BB0310000507F2 /* Model */ = {
			isa = PBXGroup;
			children = (
				2D694B1626BB031B000507F2 /* Concept.swift */,
			);
			path = Model;
			sourceTree = "<group>";
		};
		2D694B1826BB0325000507F2 /* ViewModel */ = {
			isa = PBXGroup;
			children = (
				2D694B1926BB032F000507F2 /* ViewModel.swift */,
			);
			path = ViewModel;
			sourceTree = "<group>";
		};
		2D694B1B26BB0347000507F2 /* View */ = {
			isa = PBXGroup;
			children = (
				2D694B1326BB02E5000507F2 /* CustomSearchBar.swift */,
				2D694AEA26BAF858000507F2 /* ContentView.swift */,
			);
			path = View;
			sourceTree = "<group>";
		};
/* End PBXGroup section */

/* Begin PBXNativeTarget section */
		2D694AE426BAF858000507F2 /* Combine-SearchFeature */ = {
			isa = PBXNativeTarget;
			buildConfigurationList = 2D694B0A26BAF85B000507F2 /* Build configuration list for PBXNativeTarget "Combine-SearchFeature" */;
			buildPhases = (
				2D694AE126BAF858000507F2 /* Sources */,
				2D694AE226BAF858000507F2 /* Frameworks */,
				2D694AE326BAF858000507F2 /* Resources */,
			);
			buildRules = (
			);
			dependencies = (
			);
			name = "Combine-SearchFeature";
			productName = "Combine-SearchFeature";
			productReference = 2D694AE526BAF858000507F2 /* Combine-SearchFeature.app */;
			productType = "com.apple.product-type.application";
		};
		2D694AF526BAF85B000507F2 /* Combine-SearchFeatureTests */ = {
			isa = PBXNativeTarget;
			buildConfigurationList = 2D694B0D26BAF85B000507F2 /* Build configuration list for PBXNativeTarget "Combine-SearchFeatureTests" */;
			buildPhases = (
				2D694AF226BAF85B000507F2 /* Sources */,
				2D694AF326BAF85B000507F2 /* Frameworks */,
				2D694AF426BAF85B000507F2 /* Resources */,
			);
			buildRules = (
			);
			dependencies = (
				2D694AF826BAF85B000507F2 /* PBXTargetDependency */,
			);
			name = "Combine-SearchFeatureTests";
			productName = "Combine-SearchFeatureTests";
			productReference = 2D694AF626BAF85B000507F2 /* Combine-SearchFeatureTests.xctest */;
			productType = "com.apple.product-type.bundle.unit-test";
		};
		2D694B0026BAF85B000507F2 /* Combine-SearchFeatureUITests */ = {
			isa = PBXNativeTarget;
			buildConfigurationList = 2D694B1026BAF85B000507F2 /* Build configuration list for PBXNativeTarget "Combine-SearchFeatureUITests" */;
			buildPhases = (
				2D694AFD26BAF85B000507F2 /* Sources */,
				2D694AFE26BAF85B000507F2 /* Frameworks */,
				2D694AFF26BAF85B000507F2 /* Resources */,
			);
			buildRules = (
			);
			dependencies = (
				2D694B0326BAF85B000507F2 /* PBXTargetDependency */,
			);
			name = "Combine-SearchFeatureUITests";
			productName = "Combine-SearchFeatureUITests";
			productReference = 2D694B0126BAF85B000507F2 /* Combine-SearchFeatureUITests.xctest */;
			productType = "com.apple.product-type.bundle.ui-testing";
		};
/* End PBXNativeTarget section */

/* Begin PBXProject section */
		2D694ADD26BAF857000507F2 /* Project object */ = {
			isa = PBXProject;
			attributes = {
				LastSwiftUpdateCheck = 1250;
				LastUpgradeCheck = 1250;
				TargetAttributes = {
					2D694AE426BAF858000507F2 = {
						CreatedOnToolsVersion = 12.5;
					};
					2D694AF526BAF85B000507F2 = {
						CreatedOnToolsVersion = 12.5;
						TestTargetID = 2D694AE426BAF858000507F2;
					};
					2D694B0026BAF85B000507F2 = {
						CreatedOnToolsVersion = 12.5;
						TestTargetID = 2D694AE426BAF858000507F2;
					};
				};
			};
			buildConfigurationList = 2D694AE026BAF857000507F2 /* Build configuration list for PBXProject "Combine-SearchFeature" */;
			compatibilityVersion = "Xcode 9.3";
			developmentRegion = en;
			hasScannedForEncodings = 0;
			knownRegions = (
				en,
				Base,
			);
			mainGroup = 2D694ADC26BAF857000507F2;
			productRefGroup = 2D694AE626BAF858000507F2 /* Products */;
			projectDirPath = "";
			projectRoot = "";
			targets = (
				2D694AE426BAF858000507F2 /* Combine-SearchFeature */,
				2D694AF526BAF85B000507F2 /* Combine-SearchFeatureTests */,
				2D694B0026BAF85B000507F2 /* Combine-SearchFeatureUITests */,
			);
		};
/* End PBXProject section */

/* Begin PBXResourcesBuildPhase section */
		2D694AE326BAF858000507F2 /* Resources */ = {
			isa = PBXResourcesBuildPhase;
			buildActionMask = 2147483647;
			files = (
				2D694AF026BAF85B000507F2 /* Preview Assets.xcassets in Resources */,
				2D694AED26BAF85B000507F2 /* Assets.xcassets in Resources */,
			);
			runOnlyForDeploymentPostprocessing = 0;
		};
		2D694AF426BAF85B000507F2 /* Resources */ = {
			isa = PBXResourcesBuildPhase;
			buildActionMask = 2147483647;
			files = (
			);
			runOnlyForDeploymentPostprocessing = 0;
		};
		2D694AFF26BAF85B000507F2 /* Resources */ = {
			isa = PBXResourcesBuildPhase;
			buildActionMask = 2147483647;
			files = (
			);
			runOnlyForDeploymentPostprocessing = 0;
		};
/* End PBXResourcesBuildPhase section */

/* Begin PBXSourcesBuildPhase section */
		2D694AE126BAF858000507F2 /* Sources */ = {
			isa = PBXSourcesBuildPhase;
			buildActionMask = 2147483647;
			files = (
				2D694B1A26BB032F000507F2 /* ViewModel.swift in Sources */,
				2D694B1726BB031B000507F2 /* Concept.swift in Sources */,
				2D694AEB26BAF858000507F2 /* ContentView.swift in Sources */,
				2D694AE926BAF858000507F2 /* Combine_SearchFeatureApp.swift in Sources */,
				2D694B1426BB02E5000507F2 /* CustomSearchBar.swift in Sources */,
			);
			runOnlyForDeploymentPostprocessing = 0;
		};
		2D694AF226BAF85B000507F2 /* Sources */ = {
			isa = PBXSourcesBuildPhase;
			buildActionMask = 2147483647;
			files = (
				2D694AFB26BAF85B000507F2 /* Combine_SearchFeatureTests.swift in Sources */,
			);
			runOnlyForDeploymentPostprocessing = 0;
		};
		2D694AFD26BAF85B000507F2 /* Sources */ = {
			isa = PBXSourcesBuildPhase;
			buildActionMask = 2147483647;
			files = (
				2D694B0626BAF85B000507F2 /* Combine_SearchFeatureUITests.swift in Sources */,
			);
			runOnlyForDeploymentPostprocessing = 0;
		};
/* End PBXSourcesBuildPhase section */

/* Begin PBXTargetDependency section */
		2D694AF826BAF85B000507F2 /* PBXTargetDependency */ = {
			isa = PBXTargetDependency;
			target = 2D694AE426BAF858000507F2 /* Combine-SearchFeature */;
			targetProxy = 2D694AF726BAF85B000507F2 /* PBXContainerItemProxy */;
		};
		2D694B0326BAF85B000507F2 /* PBXTargetDependency */ = {
			isa = PBXTargetDependency;
			target = 2D694AE426BAF858000507F2 /* Combine-SearchFeature */;
			targetProxy = 2D694B0226BAF85B000507F2 /* PBXContainerItemProxy */;
		};
/* End PBXTargetDependency section */

/* Begin XCBuildConfiguration section */
		2D694B0826BAF85B000507F2 /* Debug */ = {
			isa = XCBuildConfiguration;
			buildSettings = {
				ALWAYS_SEARCH_USER_PATHS = NO;
				CLANG_ANALYZER_NONNULL = YES;
				CLANG_ANALYZER_NUMBER_OBJECT_CONVERSION = YES_AGGRESSIVE;
				CLANG_CXX_LANGUAGE_STANDARD = "gnu++14";
				CLANG_CXX_LIBRARY = "libc++";
				CLANG_ENABLE_MODULES = YES;
				CLANG_ENABLE_OBJC_ARC = YES;
				CLANG_ENABLE_OBJC_WEAK = YES;
				CLANG_WARN_BLOCK_CAPTURE_AUTORELEASING = YES;
				CLANG_WARN_BOOL_CONVERSION = YES;
				CLANG_WARN_COMMA = YES;
				CLANG_WARN_CONSTANT_CONVERSION = YES;
				CLANG_WARN_DEPRECATED_OBJC_IMPLEMENTATIONS = YES;
				CLANG_WARN_DIRECT_OBJC_ISA_USAGE = YES_ERROR;
				CLANG_WARN_DOCUMENTATION_COMMENTS = YES;
				CLANG_WARN_EMPTY_BODY = YES;
				CLANG_WARN_ENUM_CONVERSION = YES;
				CLANG_WARN_INFINITE_RECURSION = YES;
				CLANG_WARN_INT_CONVERSION = YES;
				CLANG_WARN_NON_LITERAL_NULL_CONVERSION = YES;
				CLANG_WARN_OBJC_IMPLICIT_RETAIN_SELF = YES;
				CLANG_WARN_OBJC_LITERAL_CONVERSION = YES;
				CLANG_WARN_OBJC_ROOT_CLASS = YES_ERROR;
				CLANG_WARN_QUOTED_INCLUDE_IN_FRAMEWORK_HEADER = YES;
				CLANG_WARN_RANGE_LOOP_ANALYSIS = YES;
				CLANG_WARN_STRICT_PROTOTYPES = YES;
				CLANG_WARN_SUSPICIOUS_MOVE = YES;
				CLANG_WARN_UNGUARDED_AVAILABILITY = YES_AGGRESSIVE;
				CLANG_WARN_UNREACHABLE_CODE = YES;
				CLANG_WARN__DUPLICATE_METHOD_MATCH = YES;
				COPY_PHASE_STRIP = NO;
				DEBUG_INFORMATION_FORMAT = dwarf;
				ENABLE_STRICT_OBJC_MSGSEND = YES;
				ENABLE_TESTABILITY = YES;
				GCC_C_LANGUAGE_STANDARD = gnu11;
				GCC_DYNAMIC_NO_PIC = NO;
				GCC_NO_COMMON_BLOCKS = YES;
				GCC_OPTIMIZATION_LEVEL = 0;
				GCC_PREPROCESSOR_DEFINITIONS = (
					"DEBUG=1",
					"$(inherited)",
				);
				GCC_WARN_64_TO_32_BIT_CONVERSION = YES;
				GCC_WARN_ABOUT_RETURN_TYPE = YES_ERROR;
				GCC_WARN_UNDECLARED_SELECTOR = YES;
				GCC_WARN_UNINITIALIZED_AUTOS = YES_AGGRESSIVE;
				GCC_WARN_UNUSED_FUNCTION = YES;
				GCC_WARN_UNUSED_VARIABLE = YES;
				IPHONEOS_DEPLOYMENT_TARGET = 14.5;
				MTL_ENABLE_DEBUG_INFO = INCLUDE_SOURCE;
				MTL_FAST_MATH = YES;
				ONLY_ACTIVE_ARCH = YES;
				SDKROOT = iphoneos;
				SWIFT_ACTIVE_COMPILATION_CONDITIONS = DEBUG;
				SWIFT_OPTIMIZATION_LEVEL = "-Onone";
			};
			name = Debug;
		};
		2D694B0926BAF85B000507F2 /* Release */ = {
			isa = XCBuildConfiguration;
			buildSettings = {
				ALWAYS_SEARCH_USER_PATHS = NO;
				CLANG_ANALYZER_NONNULL = YES;
				CLANG_ANALYZER_NUMBER_OBJECT_CONVERSION = YES_AGGRESSIVE;
				CLANG_CXX_LANGUAGE_STANDARD = "gnu++14";
				CLANG_CXX_LIBRARY = "libc++";
				CLANG_ENABLE_MODULES = YES;
				CLANG_ENABLE_OBJC_ARC = YES;
				CLANG_ENABLE_OBJC_WEAK = YES;
				CLANG_WARN_BLOCK_CAPTURE_AUTORELEASING = YES;
				CLANG_WARN_BOOL_CONVERSION = YES;
				CLANG_WARN_COMMA = YES;
				CLANG_WARN_CONSTANT_CONVERSION = YES;
				CLANG_WARN_DEPRECATED_OBJC_IMPLEMENTATIONS = YES;
				CLANG_WARN_DIRECT_OBJC_ISA_USAGE = YES_ERROR;
				CLANG_WARN_DOCUMENTATION_COMMENTS = YES;
				CLANG_WARN_EMPTY_BODY = YES;
				CLANG_WARN_ENUM_CONVERSION = YES;
				CLANG_WARN_INFINITE_RECURSION = YES;
				CLANG_WARN_INT_CONVERSION = YES;
				CLANG_WARN_NON_LITERAL_NULL_CONVERSION = YES;
				CLANG_WARN_OBJC_IMPLICIT_RETAIN_SELF = YES;
				CLANG_WARN_OBJC_LITERAL_CONVERSION = YES;
				CLANG_WARN_OBJC_ROOT_CLASS = YES_ERROR;
				CLANG_WARN_QUOTED_INCLUDE_IN_FRAMEWORK_HEADER = YES;
				CLANG_WARN_RANGE_LOOP_ANALYSIS = YES;
				CLANG_WARN_STRICT_PROTOTYPES = YES;
				CLANG_WARN_SUSPICIOUS_MOVE = YES;
				CLANG_WARN_UNGUARDED_AVAILABILITY = YES_AGGRESSIVE;
				CLANG_WARN_UNREACHABLE_CODE = YES;
				CLANG_WARN__DUPLICATE_METHOD_MATCH = YES;
				COPY_PHASE_STRIP = NO;
				DEBUG_INFORMATION_FORMAT = "dwarf-with-dsym";
				ENABLE_NS_ASSERTIONS = NO;
				ENABLE_STRICT_OBJC_MSGSEND = YES;
				GCC_C_LANGUAGE_STANDARD = gnu11;
				GCC_NO_COMMON_BLOCKS = YES;
				GCC_WARN_64_TO_32_BIT_CONVERSION = YES;
				GCC_WARN_ABOUT_RETURN_TYPE = YES_ERROR;
				GCC_WARN_UNDECLARED_SELECTOR = YES;
				GCC_WARN_UNINITIALIZED_AUTOS = YES_AGGRESSIVE;
				GCC_WARN_UNUSED_FUNCTION = YES;
				GCC_WARN_UNUSED_VARIABLE = YES;
				IPHONEOS_DEPLOYMENT_TARGET = 14.5;
				MTL_ENABLE_DEBUG_INFO = NO;
				MTL_FAST_MATH = YES;
				SDKROOT = iphoneos;
				SWIFT_COMPILATION_MODE = wholemodule;
				SWIFT_OPTIMIZATION_LEVEL = "-O";
				VALIDATE_PRODUCT = YES;
			};
			name = Release;
		};
		2D694B0B26BAF85B000507F2 /* Debug */ = {
			isa = XCBuildConfiguration;
			buildSettings = {
				ASSETCATALOG_COMPILER_APPICON_NAME = AppIcon;
				ASSETCATALOG_COMPILER_GLOBAL_ACCENT_COLOR_NAME = AccentColor;
				CODE_SIGN_STYLE = Automatic;
				DEVELOPMENT_ASSET_PATHS = "\"Combine-SearchFeature/Preview Content\"";
				DEVELOPMENT_TEAM = HL92L2PJSU;
				ENABLE_PREVIEWS = YES;
				INFOPLIST_FILE = "Combine-SearchFeature/Info.plist";
				IPHONEOS_DEPLOYMENT_TARGET = 14.0;
				LD_RUNPATH_SEARCH_PATHS = (
					"$(inherited)",
					"@executable_path/Frameworks",
				);
				PRODUCT_BUNDLE_IDENTIFIER = "com.christianleovido.Combine-SearchFeature";
				PRODUCT_NAME = "$(TARGET_NAME)";
				SWIFT_VERSION = 5.0;
				TARGETED_DEVICE_FAMILY = "1,2";
			};
			name = Debug;
		};
		2D694B0C26BAF85B000507F2 /* Release */ = {
			isa = XCBuildConfiguration;
			buildSettings = {
				ASSETCATALOG_COMPILER_APPICON_NAME = AppIcon;
				ASSETCATALOG_COMPILER_GLOBAL_ACCENT_COLOR_NAME = AccentColor;
				CODE_SIGN_STYLE = Automatic;
				DEVELOPMENT_ASSET_PATHS = "\"Combine-SearchFeature/Preview Content\"";
				DEVELOPMENT_TEAM = HL92L2PJSU;
				ENABLE_PREVIEWS = YES;
				INFOPLIST_FILE = "Combine-SearchFeature/Info.plist";
				IPHONEOS_DEPLOYMENT_TARGET = 14.0;
				LD_RUNPATH_SEARCH_PATHS = (
					"$(inherited)",
					"@executable_path/Frameworks",
				);
				PRODUCT_BUNDLE_IDENTIFIER = "com.christianleovido.Combine-SearchFeature";
				PRODUCT_NAME = "$(TARGET_NAME)";
				SWIFT_VERSION = 5.0;
				TARGETED_DEVICE_FAMILY = "1,2";
			};
			name = Release;
		};
		2D694B0E26BAF85B000507F2 /* Debug */ = {
			isa = XCBuildConfiguration;
			buildSettings = {
				ALWAYS_EMBED_SWIFT_STANDARD_LIBRARIES = YES;
				BUNDLE_LOADER = "$(TEST_HOST)";
				CODE_SIGN_STYLE = Automatic;
				DEVELOPMENT_TEAM = HL92L2PJSU;
				INFOPLIST_FILE = "Combine-SearchFeatureTests/Info.plist";
				IPHONEOS_DEPLOYMENT_TARGET = 14.0;
				LD_RUNPATH_SEARCH_PATHS = (
					"$(inherited)",
					"@executable_path/Frameworks",
					"@loader_path/Frameworks",
				);
				PRODUCT_BUNDLE_IDENTIFIER = "com.christianleovido.Combine-SearchFeatureTests";
				PRODUCT_NAME = "$(TARGET_NAME)";
				SWIFT_VERSION = 5.0;
				TARGETED_DEVICE_FAMILY = "1,2";
				TEST_HOST = "$(BUILT_PRODUCTS_DIR)/Combine-SearchFeature.app/Combine-SearchFeature";
			};
			name = Debug;
		};
		2D694B0F26BAF85B000507F2 /* Release */ = {
			isa = XCBuildConfiguration;
			buildSettings = {
				ALWAYS_EMBED_SWIFT_STANDARD_LIBRARIES = YES;
				BUNDLE_LOADER = "$(TEST_HOST)";
				CODE_SIGN_STYLE = Automatic;
				DEVELOPMENT_TEAM = HL92L2PJSU;
				INFOPLIST_FILE = "Combine-SearchFeatureTests/Info.plist";
				IPHONEOS_DEPLOYMENT_TARGET = 14.0;
				LD_RUNPATH_SEARCH_PATHS = (
					"$(inherited)",
					"@executable_path/Frameworks",
					"@loader_path/Frameworks",
				);
				PRODUCT_BUNDLE_IDENTIFIER = "com.christianleovido.Combine-SearchFeatureTests";
				PRODUCT_NAME = "$(TARGET_NAME)";
				SWIFT_VERSION = 5.0;
				TARGETED_DEVICE_FAMILY = "1,2";
				TEST_HOST = "$(BUILT_PRODUCTS_DIR)/Combine-SearchFeature.app/Combine-SearchFeature";
			};
			name = Release;
		};
		2D694B1126BAF85B000507F2 /* Debug */ = {
			isa = XCBuildConfiguration;
			buildSettings = {
				ALWAYS_EMBED_SWIFT_STANDARD_LIBRARIES = YES;
				CODE_SIGN_STYLE = Automatic;
				DEVELOPMENT_TEAM = HL92L2PJSU;
				INFOPLIST_FILE = "Combine-SearchFeatureUITests/Info.plist";
				LD_RUNPATH_SEARCH_PATHS = (
					"$(inherited)",
					"@executable_path/Frameworks",
					"@loader_path/Frameworks",
				);
				PRODUCT_BUNDLE_IDENTIFIER = "com.christianleovido.Combine-SearchFeatureUITests";
				PRODUCT_NAME = "$(TARGET_NAME)";
				SWIFT_VERSION = 5.0;
				TARGETED_DEVICE_FAMILY = "1,2";
				TEST_TARGET_NAME = "Combine-SearchFeature";
			};
			name = Debug;
		};
		2D694B1226BAF85B000507F2 /* Release */ = {
			isa = XCBuildConfiguration;
			buildSettings = {
				ALWAYS_EMBED_SWIFT_STANDARD_LIBRARIES = YES;
				CODE_SIGN_STYLE = Automatic;
				DEVELOPMENT_TEAM = HL92L2PJSU;
				INFOPLIST_FILE = "Combine-SearchFeatureUITests/Info.plist";
				LD_RUNPATH_SEARCH_PATHS = (
					"$(inherited)",
					"@executable_path/Frameworks",
					"@loader_path/Frameworks",
				);
				PRODUCT_BUNDLE_IDENTIFIER = "com.christianleovido.Combine-SearchFeatureUITests";
				PRODUCT_NAME = "$(TARGET_NAME)";
				SWIFT_VERSION = 5.0;
				TARGETED_DEVICE_FAMILY = "1,2";
				TEST_TARGET_NAME = "Combine-SearchFeature";
			};
			name = Release;
		};
/* End XCBuildConfiguration section */

/* Begin XCConfigurationList section */
		2D694AE026BAF857000507F2 /* Build configuration list for PBXProject "Combine-SearchFeature" */ = {
			isa = XCConfigurationList;
			buildConfigurations = (
				2D694B0826BAF85B000507F2 /* Debug */,
				2D694B0926BAF85B000507F2 /* Release */,
			);
			defaultConfigurationIsVisible = 0;
			defaultConfigurationName = Release;
		};
		2D694B0A26BAF85B000507F2 /* Build configuration list for PBXNativeTarget "Combine-SearchFeature" */ = {
			isa = XCConfigurationList;
			buildConfigurations = (
				2D694B0B26BAF85B000507F2 /* Debug */,
				2D694B0C26BAF85B000507F2 /* Release */,
			);
			defaultConfigurationIsVisible = 0;
			defaultConfigurationName = Release;
		};
		2D694B0D26BAF85B000507F2 /* Build configuration list for PBXNativeTarget "Combine-SearchFeatureTests" */ = {
			isa = XCConfigurationList;
			buildConfigurations = (
				2D694B0E26BAF85B000507F2 /* Debug */,
				2D694B0F26BAF85B000507F2 /* Release */,
			);
			defaultConfigurationIsVisible = 0;
			defaultConfigurationName = Release;
		};
		2D694B1026BAF85B000507F2 /* Build configuration list for PBXNativeTarget "Combine-SearchFeatureUITests" */ = {
			isa = XCConfigurationList;
			buildConfigurations = (
				2D694B1126BAF85B000507F2 /* Debug */,
				2D694B1226BAF85B000507F2 /* Release */,
			);
			defaultConfigurationIsVisible = 0;
			defaultConfigurationName = Release;
		};
/* End XCConfigurationList section */
	};
	rootObject = 2D694ADD26BAF857000507F2 /* Project object */;
}
